
Microsoft Visual Studio Solution File, Format Version 12.00
# Visual Studio Version 16
VisualStudioVersion = 16.0.29025.244
MinimumVisualStudioVersion = 10.0.40219.1
Project("{FAE04EC0-301F-11D3-BF4B-00C04F79EFBC}") = "IntegracionPAMI.APIConsumer", "IntegracionPAMI.APIConsumer\IntegracionPAMI.APIConsumer.csproj", "{5593F59C-FA70-422F-9C03-E4C152C32CEB}"
EndProject
Project("{2150E333-8FDC-42A3-9474-1A3956D46DE8}") = "src", "src", "{DADE6286-86C8-4925-A1A0-369D7EEDE8F6}"
EndProject
Project("{2150E333-8FDC-42A3-9474-1A3956D46DE8}") = "test", "test", "{F61D207E-D0AE-4C4E-854A-53D62CB9000D}"
EndProject
Project("{FAE04EC0-301F-11D3-BF4B-00C04F79EFBC}") = "IntegracionPAMI.Test", "IntegracionPAMI.Test\IntegracionPAMI.Test.csproj", "{35F33058-5FC3-48F0-96AF-2FA2A9C27114}"
EndProject
Project("{FAE04EC0-301F-11D3-BF4B-00C04F79EFBC}") = "IntegracionPAMI.Services", "IntegracionPAMI.Services\IntegracionPAMI.Services.csproj", "{3360F087-3274-4BE9-BA1A-073D110C3974}"
EndProject
Project("{FAE04EC0-301F-11D3-BF4B-00C04F79EFBC}") = "IntegracionPAMI.WindowsService.Cache", "IntegracionPAMI.WindowsService.Cache\IntegracionPAMI.WindowsService.Cache.csproj", "{C33ADC19-C818-4522-90ED-25818934EEF2}"
EndProject
Project("{FAE04EC0-301F-11D3-BF4B-00C04F79EFBC}") = "ShamanClases_CSharp", "..\ShamanClases\ShamanClases_CSharp\ShamanClases_CSharp.csproj", "{E9DEC2D3-6082-454D-8F3D-D2456286371D}"
EndProject
Project("{F184B08F-C81C-45F6-A57F-5ABD9991F28F}") = "ShamanClases", "..\ShamanClases\ShamanClases\ShamanClases.vbproj", "{C67374E5-C7FB-43BB-A9B4-436CBC2E7524}"
EndProject
Global
	GlobalSection(SolutionConfigurationPlatforms) = preSolution
		Debug|Any CPU = Debug|Any CPU
		Release|Any CPU = Release|Any CPU
	EndGlobalSection
	GlobalSection(ProjectConfigurationPlatforms) = postSolution
		{5593F59C-FA70-422F-9C03-E4C152C32CEB}.Debug|Any CPU.ActiveCfg = Debug|Any CPU
		{5593F59C-FA70-422F-9C03-E4C152C32CEB}.Debug|Any CPU.Build.0 = Debug|Any CPU
		{5593F59C-FA70-422F-9C03-E4C152C32CEB}.Release|Any CPU.ActiveCfg = Release|Any CPU
		{5593F59C-FA70-422F-9C03-E4C152C32CEB}.Release|Any CPU.Build.0 = Release|Any CPU
		{35F33058-5FC3-48F0-96AF-2FA2A9C27114}.Debug|Any CPU.ActiveCfg = Debug|Any CPU
		{35F33058-5FC3-48F0-96AF-2FA2A9C27114}.Debug|Any CPU.Build.0 = Debug|Any CPU
		{35F33058-5FC3-48F0-96AF-2FA2A9C27114}.Release|Any CPU.ActiveCfg = Release|Any CPU
		{35F33058-5FC3-48F0-96AF-2FA2A9C27114}.Release|Any CPU.Build.0 = Release|Any CPU
		{3360F087-3274-4BE9-BA1A-073D110C3974}.Debug|Any CPU.ActiveCfg = Debug|Any CPU
		{3360F087-3274-4BE9-BA1A-073D110C3974}.Debug|Any CPU.Build.0 = Debug|Any CPU
		{3360F087-3274-4BE9-BA1A-073D110C3974}.Release|Any CPU.ActiveCfg = Release|Any CPU
		{3360F087-3274-4BE9-BA1A-073D110C3974}.Release|Any CPU.Build.0 = Release|Any CPU
		{C33ADC19-C818-4522-90ED-25818934EEF2}.Debug|Any CPU.ActiveCfg = Debug|Any CPU
		{C33ADC19-C818-4522-90ED-25818934EEF2}.Debug|Any CPU.Build.0 = Debug|Any CPU
		{C33ADC19-C818-4522-90ED-25818934EEF2}.Release|Any CPU.ActiveCfg = Release|Any CPU
		{C33ADC19-C818-4522-90ED-25818934EEF2}.Release|Any CPU.Build.0 = Release|Any CPU
		{E9DEC2D3-6082-454D-8F3D-D2456286371D}.Debug|Any CPU.ActiveCfg = Debug|Any CPU
		{E9DEC2D3-6082-454D-8F3D-D2456286371D}.Debug|Any CPU.Build.0 = Debug|Any CPU
		{E9DEC2D3-6082-454D-8F3D-D2456286371D}.Release|Any CPU.ActiveCfg = Release|Any CPU
		{E9DEC2D3-6082-454D-8F3D-D2456286371D}.Release|Any CPU.Build.0 = Release|Any CPU
		{C67374E5-C7FB-43BB-A9B4-436CBC2E7524}.Debug|Any CPU.ActiveCfg = Debug|Any CPU
		{C67374E5-C7FB-43BB-A9B4-436CBC2E7524}.Debug|Any CPU.Build.0 = Debug|Any CPU
		{C67374E5-C7FB-43BB-A9B4-436CBC2E7524}.Release|Any CPU.ActiveCfg = Release|Any CPU
		{C67374E5-C7FB-43BB-A9B4-436CBC2E7524}.Release|Any CPU.Build.0 = Release|Any CPU
	EndGlobalSection
	GlobalSection(SolutionProperties) = preSolution
		HideSolutionNode = FALSE
	EndGlobalSection
	GlobalSection(NestedProjects) = preSolution
		{5593F59C-FA70-422F-9C03-E4C152C32CEB} = {DADE6286-86C8-4925-A1A0-369D7EEDE8F6}
		{35F33058-5FC3-48F0-96AF-2FA2A9C27114} = {F61D207E-D0AE-4C4E-854A-53D62CB9000D}
		{3360F087-3274-4BE9-BA1A-073D110C3974} = {DADE6286-86C8-4925-A1A0-369D7EEDE8F6}
		{C33ADC19-C818-4522-90ED-25818934EEF2} = {DADE6286-86C8-4925-A1A0-369D7EEDE8F6}
		{E9DEC2D3-6082-454D-8F3D-D2456286371D} = {DADE6286-86C8-4925-A1A0-369D7EEDE8F6}
		{C67374E5-C7FB-43BB-A9B4-436CBC2E7524} = {DADE6286-86C8-4925-A1A0-369D7EEDE8F6}
	EndGlobalSection
	GlobalSection(ExtensibilityGlobals) = postSolution
		SolutionGuid = {A868798A-6E3A-4C71-B47B-133B30A95421}
	EndGlobalSection
EndGlobal
