
Microsoft Visual Studio Solution File, Format Version 12.00
# Visual Studio Version 16
VisualStudioVersion = 16.0.29025.244
MinimumVisualStudioVersion = 10.0.40219.1
Project("{2150E333-8FDC-42A3-9474-1A3956D46DE8}") = "src", "src", "{B8024445-FF94-4F77-9A6E-2C1F07DBE003}"
EndProject
Project("{2150E333-8FDC-42A3-9474-1A3956D46DE8}") = "test", "test", "{F23EE9AE-B064-467E-AF3C-B822E18B439B}"
EndProject
Project("{FAE04EC0-301F-11D3-BF4B-00C04F79EFBC}") = "IntegracionPAMI.APIConsumer", "IntegracionPAMI.APIConsumer\IntegracionPAMI.APIConsumer.csproj", "{5593F59C-FA70-422F-9C03-E4C152C32CEB}"
EndProject
Project("{FAE04EC0-301F-11D3-BF4B-00C04F79EFBC}") = "IntegracionPAMI.Test", "IntegracionPAMI.Test\IntegracionPAMI.Test.csproj", "{35F33058-5FC3-48F0-96AF-2FA2A9C27114}"
EndProject
Project("{FAE04EC0-301F-11D3-BF4B-00C04F79EFBC}") = "IntegracionPAMI.WindowsService.SQL", "IntegracionPAMI.WindowsService.SQL\IntegracionPAMI.WindowsService.SQL.csproj", "{BDD2959E-0371-4994-86A3-C2D8B8E59407}"
EndProject
Project("{FAE04EC0-301F-11D3-BF4B-00C04F79EFBC}") = "IntegracionPAMI.Services", "IntegracionPAMI.Services\IntegracionPAMI.Services.csproj", "{3360F087-3274-4BE9-BA1A-073D110C3974}"
EndProject
Project("{F184B08F-C81C-45F6-A57F-5ABD9991F28F}") = "ShamanExpressDLL", "..\ShamanExpressDLL2022\ShamanExpressDLL.vbproj", "{1A8DFAE4-4E6F-4AD5-9B09-CFA395AA2065}"
EndProject
Global
	GlobalSection(SolutionConfigurationPlatforms) = preSolution
		Debug|Any CPU = Debug|Any CPU
		Release|Any CPU = Release|Any CPU
	EndGlobalSection
	GlobalSection(ProjectConfigurationPlatforms) = postSolution
		{5593F59C-FA70-422F-9C03-E4C152C32CEB}.Debug|Any CPU.ActiveCfg = Debug|Any CPU
		{5593F59C-FA70-422F-9C03-E4C152C32CEB}.Debug|Any CPU.Build.0 = Debug|Any CPU
		{5593F59C-FA70-422F-9C03-E4C152C32CEB}.Release|Any CPU.ActiveCfg = Release|Any CPU
		{5593F59C-FA70-422F-9C03-E4C152C32CEB}.Release|Any CPU.Build.0 = Release|Any CPU
		{35F33058-5FC3-48F0-96AF-2FA2A9C27114}.Debug|Any CPU.ActiveCfg = Debug|Any CPU
		{35F33058-5FC3-48F0-96AF-2FA2A9C27114}.Debug|Any CPU.Build.0 = Debug|Any CPU
		{35F33058-5FC3-48F0-96AF-2FA2A9C27114}.Release|Any CPU.ActiveCfg = Release|Any CPU
		{35F33058-5FC3-48F0-96AF-2FA2A9C27114}.Release|Any CPU.Build.0 = Release|Any CPU
		{BDD2959E-0371-4994-86A3-C2D8B8E59407}.Debug|Any CPU.ActiveCfg = Debug|Any CPU
		{BDD2959E-0371-4994-86A3-C2D8B8E59407}.Debug|Any CPU.Build.0 = Debug|Any CPU
		{BDD2959E-0371-4994-86A3-C2D8B8E59407}.Release|Any CPU.ActiveCfg = Release|Any CPU
		{BDD2959E-0371-4994-86A3-C2D8B8E59407}.Release|Any CPU.Build.0 = Release|Any CPU
		{3360F087-3274-4BE9-BA1A-073D110C3974}.Debug|Any CPU.ActiveCfg = Debug|Any CPU
		{3360F087-3274-4BE9-BA1A-073D110C3974}.Debug|Any CPU.Build.0 = Debug|Any CPU
		{3360F087-3274-4BE9-BA1A-073D110C3974}.Release|Any CPU.ActiveCfg = Release|Any CPU
		{3360F087-3274-4BE9-BA1A-073D110C3974}.Release|Any CPU.Build.0 = Release|Any CPU
		{1A8DFAE4-4E6F-4AD5-9B09-CFA395AA2065}.Debug|Any CPU.ActiveCfg = Debug|Any CPU
		{1A8DFAE4-4E6F-4AD5-9B09-CFA395AA2065}.Debug|Any CPU.Build.0 = Debug|Any CPU
		{1A8DFAE4-4E6F-4AD5-9B09-CFA395AA2065}.Release|Any CPU.ActiveCfg = Release|Any CPU
		{1A8DFAE4-4E6F-4AD5-9B09-CFA395AA2065}.Release|Any CPU.Build.0 = Release|Any CPU
	EndGlobalSection
	GlobalSection(SolutionProperties) = preSolution
		HideSolutionNode = FALSE
	EndGlobalSection
	GlobalSection(NestedProjects) = preSolution
		{5593F59C-FA70-422F-9C03-E4C152C32CEB} = {B8024445-FF94-4F77-9A6E-2C1F07DBE003}
		{35F33058-5FC3-48F0-96AF-2FA2A9C27114} = {F23EE9AE-B064-467E-AF3C-B822E18B439B}
		{BDD2959E-0371-4994-86A3-C2D8B8E59407} = {B8024445-FF94-4F77-9A6E-2C1F07DBE003}
		{3360F087-3274-4BE9-BA1A-073D110C3974} = {B8024445-FF94-4F77-9A6E-2C1F07DBE003}
	EndGlobalSection
	GlobalSection(ExtensibilityGlobals) = postSolution
		SolutionGuid = {EEBFEB0C-D897-40CC-A476-F011C81E5304}
	EndGlobalSection
EndGlobal
